
Microsoft Visual Studio Solution File, Format Version 12.00
# Visual Studio Version 17
VisualStudioVersion = 17.6.33723.286
MinimumVisualStudioVersion = 10.0.40219.1
Project("{FAE04EC0-301F-11D3-BF4B-00C04F79EFBC}") = "vite-react-ts-web", "vite-react-ts-web\vite-react-ts-web.csproj", "{28080D87-5A8F-400D-813A-B9E7961F099A}"
EndProject
Global
	GlobalSection(SolutionConfigurationPlatforms) = preSolution
		Debug|Any CPU = Debug|Any CPU
		Release|Any CPU = Release|Any CPU
	EndGlobalSection
	GlobalSection(ProjectConfigurationPlatforms) = postSolution
		{28080D87-5A8F-400D-813A-B9E7961F099A}.Debug|Any CPU.ActiveCfg = Debug|Any CPU
		{28080D87-5A8F-400D-813A-B9E7961F099A}.Debug|Any CPU.Build.0 = Debug|Any CPU
		{28080D87-5A8F-400D-813A-B9E7961F099A}.Release|Any CPU.ActiveCfg = Release|Any CPU
		{28080D87-5A8F-400D-813A-B9E7961F099A}.Release|Any CPU.Build.0 = Release|Any CPU
	EndGlobalSection
	GlobalSection(SolutionProperties) = preSolution
		HideSolutionNode = FALSE
	EndGlobalSection
	GlobalSection(ExtensibilityGlobals) = postSolution
		SolutionGuid = {6B1EEB61-5A76-4E1A-AEBC-443535D60147}
	EndGlobalSection
EndGlobal
